[[package]]
name = "numpy"
version = "1.22.3"
description = "NumPy is the fundamental package for array computing with Python."
category = "main"
optional = false
python-versions = ">=3.8"

[[package]]
name = "triangle"
version = "20220202"
description = "Python binding to the triangle library"
category = "main"
optional = false
python-versions = "*"

[package.dependencies]
numpy = "*"

[metadata]
lock-version = "1.1"
python-versions = "^3.8"
content-hash = "240f63ada1f88c6e8cf6b18b59e421eb82f335559f76770c723e4c3a41bd46fa"

[metadata.files]
numpy = [
    {file = "numpy-1.22.3-cp310-cp310-macosx_10_14_x86_64.whl", hash = "sha256:92bfa69cfbdf7dfc3040978ad09a48091143cffb778ec3b03fa170c494118d75"},
    {file = "numpy-1.22.3-cp310-cp310-macosx_11_0_arm64.whl", hash = "sha256:8251ed96f38b47b4295b1ae51631de7ffa8260b5b087808ef09a39a9d66c97ab"},
    {file = "numpy-1.22.3-cp310-cp310-manylinux_2_17_aarch64.manylinux2014_aarch64.whl", hash = "sha256:48a3aecd3b997bf452a2dedb11f4e79bc5bfd21a1d4cc760e703c31d57c84b3e"},
    {file = "numpy-1.22.3-cp310-cp310-manylinux_2_17_x86_64.manylinux2014_x86_64.whl", hash = "sha256:a3bae1a2ed00e90b3ba5f7bd0a7c7999b55d609e0c54ceb2b076a25e345fa9f4"},
    {file = "numpy-1.22.3-cp310-cp310-win_amd64.whl", hash = "sha256:08d9b008d0156c70dc392bb3ab3abb6e7a711383c3247b410b39962263576cd4"},
    {file = "numpy-1.22.3-cp38-cp38-macosx_10_14_x86_64.whl", hash = "sha256:201b4d0552831f7250a08d3b38de0d989d6f6e4658b709a02a73c524ccc6ffce"},
    {file = "numpy-1.22.3-cp38-cp38-macosx_11_0_arm64.whl", hash = "sha256:f8c1f39caad2c896bc0018f699882b345b2a63708008be29b1f355ebf6f933fe"},
    {file = "numpy-1.22.3-cp38-cp38-manylinux_2_17_aarch64.manylinux2014_aarch64.whl", hash = "sha256:568dfd16224abddafb1cbcce2ff14f522abe037268514dd7e42c6776a1c3f8e5"},
    {file = "numpy-1.22.3-cp38-cp38-manylinux_2_17_x86_64.manylinux2014_x86_64.whl", hash = "sha256:3ca688e1b9b95d80250bca34b11a05e389b1420d00e87a0d12dc45f131f704a1"},
    {file = "numpy-1.22.3-cp38-cp38-win32.whl", hash = "sha256:e7927a589df200c5e23c57970bafbd0cd322459aa7b1ff73b7c2e84d6e3eae62"},
    {file = "numpy-1.22.3-cp38-cp38-win_amd64.whl", hash = "sha256:07a8c89a04997625236c5ecb7afe35a02af3896c8aa01890a849913a2309c676"},
    {file = "numpy-1.22.3-cp39-cp39-macosx_10_14_x86_64.whl", hash = "sha256:2c10a93606e0b4b95c9b04b77dc349b398fdfbda382d2a39ba5a822f669a0123"},
    {file = "numpy-1.22.3-cp39-cp39-macosx_11_0_arm64.whl", hash = "sha256:fade0d4f4d292b6f39951b6836d7a3c7ef5b2347f3c420cd9820a1d90d794802"},
    {file = "numpy-1.22.3-cp39-cp39-manylinux_2_17_aarch64.manylinux2014_aarch64.whl", hash = "sha256:5bfb1bb598e8229c2d5d48db1860bcf4311337864ea3efdbe1171fb0c5da515d"},
    {file = "numpy-1.22.3-cp39-cp39-manylinux_2_17_x86_64.manylinux2014_x86_64.whl", hash = "sha256:97098b95aa4e418529099c26558eeb8486e66bd1e53a6b606d684d0c3616b168"},
    {file = "numpy-1.22.3-cp39-cp39-win32.whl", hash = "sha256:fdf3c08bce27132395d3c3ba1503cac12e17282358cb4bddc25cc46b0aca07aa"},
    {file = "numpy-1.22.3-cp39-cp39-win_amd64.whl", hash = "sha256:639b54cdf6aa4f82fe37ebf70401bbb74b8508fddcf4797f9fe59615b8c5813a"},
    {file = "numpy-1.22.3-pp38-pypy38_pp73-manylinux_2_17_x86_64.manylinux2014_x86_64.whl", hash = "sha256:c34ea7e9d13a70bf2ab64a2532fe149a9aced424cd05a2c4ba662fd989e3e45f"},
    {file = "numpy-1.22.3.zip", hash = "sha256:dbc7601a3b7472d559dc7b933b18b4b66f9aa7452c120e87dfb33d02008c8a18"},
]
triangle = [
    {file = "triangle-20220202-cp310-cp310-macosx_10_9_x86_64.whl", hash = "sha256:cfc913552cba9ac96d491dc5c5ae819ed5da3d764835e840163475f287d39726"},
    {file = "triangle-20220202-cp310-cp310-manylinux_2_17_x86_64.manylinux2014_x86_64.whl", hash = "sha256:7d80e0f4e408946f133911bb8df4c757de68bd898fc5af9b7cf85593e4386739"},
    {file = "triangle-20220202-cp310-cp310-manylinux_2_5_i686.manylinux1_i686.manylinux_2_17_i686.manylinux2014_i686.whl", hash = "sha256:00b316057c9347ccc06328248ba14d1c559aa81a2d73cdfeef85ca3da27be237"},
    {file = "triangle-20220202-cp310-cp310-musllinux_1_1_i686.whl", hash = "sha256:75fa78f25b1ef34dc552cd4ac87537f4449203f6950233e0698d452bb39517aa"},
    {file = "triangle-20220202-cp310-cp310-musllinux_1_1_x86_64.whl", hash = "sha256:e0bd57f9b442b8335f169fde0b26b778f15bc52713eaa8efdf705f2f0b63b93e"},
    {file = "triangle-20220202-cp310-cp310-win32.whl", hash = "sha256:4dffcc61d063397ad08be45fb068aff07841d39d98e53495bcb3f64659b3b281"},
    {file = "triangle-20220202-cp310-cp310-win_amd64.whl", hash = "sha256:39c8b73a2bcdd8cd51ea8521e5d62cba1949c7df352b48cf65a576ac9f6b1497"},
    {file = "triangle-20220202-cp36-cp36m-macosx_10_9_x86_64.whl", hash = "sha256:8c47e248b8aa2488dadab640b00bd7733d4909ca568a7434640cbb9633f02d17"},
    {file = "triangle-20220202-cp36-cp36m-manylinux_2_17_x86_64.manylinux2014_x86_64.whl", hash = "sha256:bd4e3dd466c8a3d46ab71dd00928e45206fd3b669d44b17393915773aa7b4a6a"},
    {file = "triangle-20220202-cp36-cp36m-manylinux_2_5_i686.manylinux1_i686.manylinux_2_17_i686.manylinux2014_i686.whl", hash = "sha256:37bf2873ee7ed6284e2b345d60c858e25866ff57719f2a01144880f771e6f750"},
    {file = "triangle-20220202-cp36-cp36m-musllinux_1_1_i686.whl", hash = "sha256:79010dd97517d40a6d7dfb45fed5012830a55a5ce21ad0335fc348ebd6f2ff4d"},
    {file = "triangle-20220202-cp36-cp36m-musllinux_1_1_x86_64.whl", hash = "sha256:328f647255a7322297a87806700d39b7c50eaa8daa92ed090aed2fc57f9d3d26"},
    {file = "triangle-20220202-cp36-cp36m-win32.whl", hash = "sha256:a6235e557e5c2dd2d3400554d08b003a69b836b724b89ce3afc2e679e6726fd8"},
    {file = "triangle-20220202-cp36-cp36m-win_amd64.whl", hash = "sha256:6056ac1dcaeca97572615c861ac75ce7a9dab52ff922cbc7b25b56063e570b59"},
    {file = "triangle-20220202-cp37-cp37m-macosx_10_9_x86_64.whl", hash = "sha256:7b94eea707f33d0c5acd2d757041a15fd78c853f6945203e561c2dae80b9bffe"},
    {file = "triangle-20220202-cp37-cp37m-manylinux_2_17_x86_64.manylinux2014_x86_64.whl", hash = "sha256:287f7bf4b13d3dd90e7e70c8260e03cd1b6be67fb4b8e84842717f12f396e0b5"},
    {file = "triangle-20220202-cp37-cp37m-manylinux_2_5_i686.manylinux1_i686.manylinux_2_17_i686.manylinux2014_i686.whl", hash = "sha256:ac81162c9922aa6c8bc04917466539bbaa532aeb236c481a6fa169faafe87dec"},
    {file = "triangle-20220202-cp37-cp37m-musllinux_1_1_i686.whl", hash = "sha256:347ac787b141b3966fa4913173cdc0c3d77133f2f92434b215d1ab7e2d08127f"},
    {file = "triangle-20220202-cp37-cp37m-musllinux_1_1_x86_64.whl", hash = "sha256:19fff47b073acefacbb4e0320d454ed444371ad9c5a429b6c93a3b821d9f0e34"},
    {file = "triangle-20220202-cp37-cp37m-win32.whl", hash = "sha256:5739ceef82ecb2eb4fc3e01acced745ab133c5fd6fadb9f7cd24343b71c334d1"},
    {file = "triangle-20220202-cp37-cp37m-win_amd64.whl", hash = "sha256:2ecaeeea293e01aeca295eda54f3eb2f75a58fee822a89c7f5e3a17f9dbbf794"},
    {file = "triangle-20220202-cp38-cp38-macosx_10_9_x86_64.whl", hash = "sha256:1697d73720cadd3fda80c9ba476fc226d056871a125673712f2d38be0fff9497"},
    {file = "triangle-20220202-cp38-cp38-manylinux_2_17_x86_64.manylinux2014_x86_64.whl", hash = "sha256:78f7bc4d89a8fbf5c00dde92704d97728927fb4c6aecb86609f9a53c4cfc40b6"},
    {file = "triangle-20220202-cp38-cp38-manylinux_2_5_i686.manylinux1_i686.manylinux_2_17_i686.manylinux2014_i686.whl", hash = "sha256:6ba0b79803fb0f214a0ddb0ad0ed3489150bc1088c97a13cb6c94df419bcc52f"},
    {file = "triangle-20220202-cp38-cp38-musllinux_1_1_i686.whl", hash = "sha256:0eeec3d21fd4d74747f9db07494e250cfb1bc0ef352d6d999cb154dfc92510e8"},
    {file = "triangle-20220202-cp38-cp38-musllinux_1_1_x86_64.whl", hash = "sha256:dd4bcf8982036c86e73080c0dc907b666e24ac15f8911e5972b409c2e2c4f09c"},
    {file = "triangle-20220202-cp38-cp38-win32.whl", hash = "sha256:813989a3a7b3f7811db64720be2ee39a5129085ccb556ab5b60ea039616f226c"},
    {file = "triangle-20220202-cp38-cp38-win_amd64.whl", hash = "sha256:0a2c0e18b4d811edbf6155af113ccb3369f74a0e0e04480d1028ce75b4386903"},
    {file = "triangle-20220202-cp39-cp39-manylinux_2_17_x86_64.manylinux2014_x86_64.whl", hash = "sha256:c4e7835c12836ffd824641e9798923b0ceba1f245ba8acae6154684250f5fd9d"},
    {file = "triangle-20220202-cp39-cp39-manylinux_2_5_i686.manylinux1_i686.manylinux_2_17_i686.manylinux2014_i686.whl", hash = "sha256:ef12bc4aeb68333111f8b3ab5f5f45c17aa2c751ed4a67e8c7fc5660ecc5cf6d"},
    {file = "triangle-20220202-cp39-cp39-musllinux_1_1_i686.whl", hash = "sha256:89c9ae3cbdb0a334e453c3713c132f624c38edbce89a80ce4d48256c1cc91de2"},
    {file = "triangle-20220202-cp39-cp39-musllinux_1_1_x86_64.whl", hash = "sha256:2633c8e4b59497c89163c95a94c685af3a49c66806124f591269f4004e6f901c"},
    {file = "triangle-20220202-cp39-cp39-win32.whl", hash = "sha256:ca705a7e135d657eee316e63c5a1066e4661eac21118b4f57e961c00a6ad4df1"},
    {file = "triangle-20220202-cp39-cp39-win_amd64.whl", hash = "sha256:1c5bab1851280d14f5128edd5c71a89849e78274d6f41101c5efd8ed914b8740"},
]
